
Microsoft Visual Studio Solution File, Format Version 12.00
# Visual Studio 2013
VisualStudioVersion = 12.0.40629.0
MinimumVisualStudioVersion = 10.0.40219.1
Project("{FAE04EC0-301F-11D3-BF4B-00C04F79EFBC}") = "Lamai.Api", "Lamai.Api\Lamai.Api.csproj", "{993F7772-0B7C-4886-91C4-2FC67551BB33}"
EndProject
Project("{FAE04EC0-301F-11D3-BF4B-00C04F79EFBC}") = "Lamai.Api.Auth", "Lamai.Api.Auth\Lamai.Api.Auth.csproj", "{7C5342FD-8575-4455-9EA6-7E9FD09CBE98}"
EndProject
Global
	GlobalSection(SolutionConfigurationPlatforms) = preSolution
		Debug|Any CPU = Debug|Any CPU
		Release|Any CPU = Release|Any CPU
	EndGlobalSection
	GlobalSection(ProjectConfigurationPlatforms) = postSolution
		{993F7772-0B7C-4886-91C4-2FC67551BB33}.Debug|Any CPU.ActiveCfg = Debug|Any CPU
		{993F7772-0B7C-4886-91C4-2FC67551BB33}.Debug|Any CPU.Build.0 = Debug|Any CPU
		{993F7772-0B7C-4886-91C4-2FC67551BB33}.Release|Any CPU.ActiveCfg = Release|Any CPU
		{993F7772-0B7C-4886-91C4-2FC67551BB33}.Release|Any CPU.Build.0 = Release|Any CPU
		{7C5342FD-8575-4455-9EA6-7E9FD09CBE98}.Debug|Any CPU.ActiveCfg = Debug|Any CPU
		{7C5342FD-8575-4455-9EA6-7E9FD09CBE98}.Debug|Any CPU.Build.0 = Debug|Any CPU
		{7C5342FD-8575-4455-9EA6-7E9FD09CBE98}.Release|Any CPU.ActiveCfg = Release|Any CPU
		{7C5342FD-8575-4455-9EA6-7E9FD09CBE98}.Release|Any CPU.Build.0 = Release|Any CPU
	EndGlobalSection
	GlobalSection(SolutionProperties) = preSolution
		HideSolutionNode = FALSE
	EndGlobalSection
EndGlobal
